
Microsoft Visual Studio Solution File, Format Version 12.00
# Visual Studio Version 17
VisualStudioVersion = 17.14.36603.0
MinimumVisualStudioVersion = 10.0.40219.1
Project("{FAE04EC0-301F-11D3-BF4B-00C04F79EFBC}") = "LargeLoadProjectEstimationAndScoping.BlazorUI", "LargeLoadProjectEstimationAndScoping.BlazorUI\LargeLoadProjectEstimationAndScoping.BlazorUI.csproj", "{8407AB30-B89F-405F-90D8-291983A01CAA}"
EndProject
Project("{FAE04EC0-301F-11D3-BF4B-00C04F79EFBC}") = "LargeLoadProjectEstimationAndScoping.Core", "LargeLoadProjectEstimationAndScoping.Core\LargeLoadProjectEstimationAndScoping.Core.csproj", "{6DAC25DA-A733-4627-A986-0A4B09967CCC}"
EndProject
Project("{FAE04EC0-301F-11D3-BF4B-00C04F79EFBC}") = "LargeLoadProjectEstimationAndScoping.Infrastructure", "LargeLoadProjectEstimationAndScoping.Infrastructure\LargeLoadProjectEstimationAndScoping.Infrastructure.csproj", "{2FB6CF34-9755-42A4-9BF2-F5FB6F0C62A4}"
EndProject
Global
	GlobalSection(SolutionConfigurationPlatforms) = preSolution
		Debug|Any CPU = Debug|Any CPU
		Release|Any CPU = Release|Any CPU
	EndGlobalSection
	GlobalSection(ProjectConfigurationPlatforms) = postSolution
		{8407AB30-B89F-405F-90D8-291983A01CAA}.Debug|Any CPU.ActiveCfg = Debug|Any CPU
		{8407AB30-B89F-405F-90D8-291983A01CAA}.Debug|Any CPU.Build.0 = Debug|Any CPU
		{8407AB30-B89F-405F-90D8-291983A01CAA}.Release|Any CPU.ActiveCfg = Release|Any CPU
		{8407AB30-B89F-405F-90D8-291983A01CAA}.Release|Any CPU.Build.0 = Release|Any CPU
		{6DAC25DA-A733-4627-A986-0A4B09967CCC}.Debug|Any CPU.ActiveCfg = Debug|Any CPU
		{6DAC25DA-A733-4627-A986-0A4B09967CCC}.Debug|Any CPU.Build.0 = Debug|Any CPU
		{6DAC25DA-A733-4627-A986-0A4B09967CCC}.Release|Any CPU.ActiveCfg = Release|Any CPU
		{6DAC25DA-A733-4627-A986-0A4B09967CCC}.Release|Any CPU.Build.0 = Release|Any CPU
		{2FB6CF34-9755-42A4-9BF2-F5FB6F0C62A4}.Debug|Any CPU.ActiveCfg = Debug|Any CPU
		{2FB6CF34-9755-42A4-9BF2-F5FB6F0C62A4}.Debug|Any CPU.Build.0 = Debug|Any CPU
		{2FB6CF34-9755-42A4-9BF2-F5FB6F0C62A4}.Release|Any CPU.ActiveCfg = Release|Any CPU
		{2FB6CF34-9755-42A4-9BF2-F5FB6F0C62A4}.Release|Any CPU.Build.0 = Release|Any CPU
	EndGlobalSection
	GlobalSection(SolutionProperties) = preSolution
		HideSolutionNode = FALSE
	EndGlobalSection
	GlobalSection(ExtensibilityGlobals) = postSolution
		SolutionGuid = {5F1D3BCE-5965-4ECD-9D15-7786321C29D5}
	EndGlobalSection
EndGlobal
